// !$*UTF8*$!
{
	archiveVersion = 1;
	classes = {
	};
	objectVersion = 55;
	objects = {

/* Begin PBXBuildFile section */
		3C9BFB4128C0E65700BCB2E2 /* AppDelegate.swift in Sources */ = {isa = PBXBuildFile; fileRef = 3C9BFB4028C0E65700BCB2E2 /* AppDelegate.swift */; };
		3C9BFB4328C0E65700BCB2E2 /* SceneDelegate.swift in Sources */ = {isa = PBXBuildFile; fileRef = 3C9BFB4228C0E65700BCB2E2 /* SceneDelegate.swift */; };
		3C9BFB4528C0E65700BCB2E2 /* ViewController.swift in Sources */ = {isa = PBXBuildFile; fileRef = 3C9BFB4428C0E65700BCB2E2 /* ViewController.swift */; };
		3C9BFB4828C0E65700BCB2E2 /* Main.storyboard in Resources */ = {isa = PBXBuildFile; fileRef = 3C9BFB4628C0E65700BCB2E2 /* Main.storyboard */; };
		3C9BFB4A28C0E65800BCB2E2 /* Assets.xcassets in Resources */ = {isa = PBXBuildFile; fileRef = 3C9BFB4928C0E65800BCB2E2 /* Assets.xcassets */; };
		3C9BFB4D28C0E65800BCB2E2 /* LaunchScreen.storyboard in Resources */ = {isa = PBXBuildFile; fileRef = 3C9BFB4B28C0E65800BCB2E2 /* LaunchScreen.storyboard */; };
		3C9BFB5828C0E65800BCB2E2 /* simplecalculatorTests.swift in Sources */ = {isa = PBXBuildFile; fileRef = 3C9BFB5728C0E65800BCB2E2 /* simplecalculatorTests.swift */; };
		3C9BFB6228C0E65800BCB2E2 /* simplecalculatorUITests.swift in Sources */ = {isa = PBXBuildFile; fileRef = 3C9BFB6128C0E65800BCB2E2 /* simplecalculatorUITests.swift */; };
		3C9BFB6428C0E65800BCB2E2 /* simplecalculatorUITestsLaunchTests.swift in Sources */ = {isa = PBXBuildFile; fileRef = 3C9BFB6328C0E65800BCB2E2 /* simplecalculatorUITestsLaunchTests.swift */; };
/* End PBXBuildFile section */

/* Begin PBXContainerItemProxy section */
		3C9BFB5428C0E65800BCB2E2 /* PBXContainerItemProxy */ = {
			isa = PBXContainerItemProxy;
			containerPortal = 3C9BFB3528C0E65700BCB2E2 /* Project object */;
			proxyType = 1;
			remoteGlobalIDString = 3C9BFB3C28C0E65700BCB2E2;
			remoteInfo = simplecalculator;
		};
		3C9BFB5E28C0E65800BCB2E2 /* PBXContainerItemProxy */ = {
			isa = PBXContainerItemProxy;
			containerPortal = 3C9BFB3528C0E65700BCB2E2 /* Project object */;
			proxyType = 1;
			remoteGlobalIDString = 3C9BFB3C28C0E65700BCB2E2;
			remoteInfo = simplecalculator;
		};
/* End PBXContainerItemProxy section */

/* Begin PBXFileReference section */
		3C9BFB3D28C0E65700BCB2E2 /* simplecalculator.app */ = {isa = PBXFileReference; explicitFileType = wrapper.application; includeInIndex = 0; path = simplecalculator.app; sourceTree = BUILT_PRODUCTS_DIR; };
		3C9BFB4028C0E65700BCB2E2 /* AppDelegate.swift */ = {isa = PBXFileReference; lastKnownFileType = sourcecode.swift; path = AppDelegate.swift; sourceTree = "<group>"; };
		3C9BFB4228C0E65700BCB2E2 /* SceneDelegate.swift */ = {isa = PBXFileReference; lastKnownFileType = sourcecode.swift; path = SceneDelegate.swift; sourceTree = "<group>"; };
		3C9BFB4428C0E65700BCB2E2 /* ViewController.swift */ = {isa = PBXFileReference; lastKnownFileType = sourcecode.swift; path = ViewController.swift; sourceTree = "<group>"; };
		3C9BFB4728C0E65700BCB2E2 /* Base */ = {isa = PBXFileReference; lastKnownFileType = file.storyboard; name = Base; path = Base.lproj/Main.storyboard; sourceTree = "<group>"; };
		3C9BFB4928C0E65800BCB2E2 /* Assets.xcassets */ = {isa = PBXFileReference; lastKnownFileType = folder.assetcatalog; path = Assets.xcassets; sourceTree = "<group>"; };
		3C9BFB4C28C0E65800BCB2E2 /* Base */ = {isa = PBXFileReference; lastKnownFileType = file.storyboard; name = Base; path = Base.lproj/LaunchScreen.storyboard; sourceTree = "<group>"; };
		3C9BFB4E28C0E65800BCB2E2 /* Info.plist */ = {isa = PBXFileReference; lastKnownFileType = text.plist.xml; path = Info.plist; sourceTree = "<group>"; };
		3C9BFB5328C0E65800BCB2E2 /* simplecalculatorTests.xctest */ = {isa = PBXFileReference; explicitFileType = wrapper.cfbundle; includeInIndex = 0; path = simplecalculatorTests.xctest; sourceTree = BUILT_PRODUCTS_DIR; };
		3C9BFB5728C0E65800BCB2E2 /* simplecalculatorTests.swift */ = {isa = PBXFileReference; lastKnownFileType = sourcecode.swift; path = simplecalculatorTests.swift; sourceTree = "<group>"; };
		3C9BFB5D28C0E65800BCB2E2 /* simplecalculatorUITests.xctest */ = {isa = PBXFileReference; explicitFileType = wrapper.cfbundle; includeInIndex = 0; path = simplecalculatorUITests.xctest; sourceTree = BUILT_PRODUCTS_DIR; };
		3C9BFB6128C0E65800BCB2E2 /* simplecalculatorUITests.swift */ = {isa = PBXFileReference; lastKnownFileType = sourcecode.swift; path = simplecalculatorUITests.swift; sourceTree = "<group>"; };
		3C9BFB6328C0E65800BCB2E2 /* simplecalculatorUITestsLaunchTests.swift */ = {isa = PBXFileReference; lastKnownFileType = sourcecode.swift; path = simplecalculatorUITestsLaunchTests.swift; sourceTree = "<group>"; };
/* End PBXFileReference section */

/* Begin PBXFrameworksBuildPhase section */
		3C9BFB3A28C0E65700BCB2E2 /* Frameworks */ = {
			isa = PBXFrameworksBuildPhase;
			buildActionMask = 2147483647;
			files = (
			);
			runOnlyForDeploymentPostprocessing = 0;
		};
		3C9BFB5028C0E65800BCB2E2 /* Frameworks */ = {
			isa = PBXFrameworksBuildPhase;
			buildActionMask = 2147483647;
			files = (
			);
			runOnlyForDeploymentPostprocessing = 0;
		};
		3C9BFB5A28C0E65800BCB2E2 /* Frameworks */ = {
			isa = PBXFrameworksBuildPhase;
			buildActionMask = 2147483647;
			files = (
			);
			runOnlyForDeploymentPostprocessing = 0;
		};
/* End PBXFrameworksBuildPhase section */

/* Begin PBXGroup section */
		3C9BFB3428C0E65700BCB2E2 = {
			isa = PBXGroup;
			children = (
				3C9BFB3F28C0E65700BCB2E2 /* simplecalculator */,
				3C9BFB5628C0E65800BCB2E2 /* simplecalculatorTests */,
				3C9BFB6028C0E65800BCB2E2 /* simplecalculatorUITests */,
				3C9BFB3E28C0E65700BCB2E2 /* Products */,
			);
			sourceTree = "<group>";
		};
		3C9BFB3E28C0E65700BCB2E2 /* Products */ = {
			isa = PBXGroup;
			children = (
				3C9BFB3D28C0E65700BCB2E2 /* simplecalculator.app */,
				3C9BFB5328C0E65800BCB2E2 /* simplecalculatorTests.xctest */,
				3C9BFB5D28C0E65800BCB2E2 /* simplecalculatorUITests.xctest */,
			);
			name = Products;
			sourceTree = "<group>";
		};
		3C9BFB3F28C0E65700BCB2E2 /* simplecalculator */ = {
			isa = PBXGroup;
			children = (
				3C9BFB4028C0E65700BCB2E2 /* AppDelegate.swift */,
				3C9BFB4228C0E65700BCB2E2 /* SceneDelegate.swift */,
				3C9BFB4428C0E65700BCB2E2 /* ViewController.swift */,
				3C9BFB4628C0E65700BCB2E2 /* Main.storyboard */,
				3C9BFB4928C0E65800BCB2E2 /* Assets.xcassets */,
				3C9BFB4B28C0E65800BCB2E2 /* LaunchScreen.storyboard */,
				3C9BFB4E28C0E65800BCB2E2 /* Info.plist */,
			);
			path = simplecalculator;
			sourceTree = "<group>";
		};
		3C9BFB5628C0E65800BCB2E2 /* simplecalculatorTests */ = {
			isa = PBXGroup;
			children = (
				3C9BFB5728C0E65800BCB2E2 /* simplecalculatorTests.swift */,
			);
			path = simplecalculatorTests;
			sourceTree = "<group>";
		};
		3C9BFB6028C0E65800BCB2E2 /* simplecalculatorUITests */ = {
			isa = PBXGroup;
			children = (
				3C9BFB6128C0E65800BCB2E2 /* simplecalculatorUITests.swift */,
				3C9BFB6328C0E65800BCB2E2 /* simplecalculatorUITestsLaunchTests.swift */,
			);
			path = simplecalculatorUITests;
			sourceTree = "<group>";
		};
/* End PBXGroup section */

/* Begin PBXNativeTarget section */
		3C9BFB3C28C0E65700BCB2E2 /* simplecalculator */ = {
			isa = PBXNativeTarget;
			buildConfigurationList = 3C9BFB6728C0E65800BCB2E2 /* Build configuration list for PBXNativeTarget "simplecalculator" */;
			buildPhases = (
				3C9BFB3928C0E65700BCB2E2 /* Sources */,
				3C9BFB3A28C0E65700BCB2E2 /* Frameworks */,
				3C9BFB3B28C0E65700BCB2E2 /* Resources */,
			);
			buildRules = (
			);
			dependencies = (
			);
			name = simplecalculator;
			productName = simplecalculator;
			productReference = 3C9BFB3D28C0E65700BCB2E2 /* simplecalculator.app */;
			productType = "com.apple.product-type.application";
		};
		3C9BFB5228C0E65800BCB2E2 /* simplecalculatorTests */ = {
			isa = PBXNativeTarget;
			buildConfigurationList = 3C9BFB6A28C0E65800BCB2E2 /* Build configuration list for PBXNativeTarget "simplecalculatorTests" */;
			buildPhases = (
				3C9BFB4F28C0E65800BCB2E2 /* Sources */,
				3C9BFB5028C0E65800BCB2E2 /* Frameworks */,
				3C9BFB5128C0E65800BCB2E2 /* Resources */,
			);
			buildRules = (
			);
			dependencies = (
				3C9BFB5528C0E65800BCB2E2 /* PBXTargetDependency */,
			);
			name = simplecalculatorTests;
			productName = simplecalculatorTests;
			productReference = 3C9BFB5328C0E65800BCB2E2 /* simplecalculatorTests.xctest */;
			productType = "com.apple.product-type.bundle.unit-test";
		};
		3C9BFB5C28C0E65800BCB2E2 /* simplecalculatorUITests */ = {
			isa = PBXNativeTarget;
			buildConfigurationList = 3C9BFB6D28C0E65800BCB2E2 /* Build configuration list for PBXNativeTarget "simplecalculatorUITests" */;
			buildPhases = (
				3C9BFB5928C0E65800BCB2E2 /* Sources */,
				3C9BFB5A28C0E65800BCB2E2 /* Frameworks */,
				3C9BFB5B28C0E65800BCB2E2 /* Resources */,
			);
			buildRules = (
			);
			dependencies = (
				3C9BFB5F28C0E65800BCB2E2 /* PBXTargetDependency */,
			);
			name = simplecalculatorUITests;
			productName = simplecalculatorUITests;
			productReference = 3C9BFB5D28C0E65800BCB2E2 /* simplecalculatorUITests.xctest */;
			productType = "com.apple.product-type.bundle.ui-testing";
		};
/* End PBXNativeTarget section */

/* Begin PBXProject section */
		3C9BFB3528C0E65700BCB2E2 /* Project object */ = {
			isa = PBXProject;
			attributes = {
				BuildIndependentTargetsInParallel = 1;
				LastSwiftUpdateCheck = 1340;
				LastUpgradeCheck = 1340;
				TargetAttributes = {
					3C9BFB3C28C0E65700BCB2E2 = {
						CreatedOnToolsVersion = 13.4.1;
					};
					3C9BFB5228C0E65800BCB2E2 = {
						CreatedOnToolsVersion = 13.4.1;
						TestTargetID = 3C9BFB3C28C0E65700BCB2E2;
					};
					3C9BFB5C28C0E65800BCB2E2 = {
						CreatedOnToolsVersion = 13.4.1;
						TestTargetID = 3C9BFB3C28C0E65700BCB2E2;
					};
				};
			};
			buildConfigurationList = 3C9BFB3828C0E65700BCB2E2 /* Build configuration list for PBXProject "simplecalculator" */;
			compatibilityVersion = "Xcode 13.0";
			developmentRegion = en;
			hasScannedForEncodings = 0;
			knownRegions = (
				en,
				Base,
			);
			mainGroup = 3C9BFB3428C0E65700BCB2E2;
			productRefGroup = 3C9BFB3E28C0E65700BCB2E2 /* Products */;
			projectDirPath = "";
			projectRoot = "";
			targets = (
				3C9BFB3C28C0E65700BCB2E2 /* simplecalculator */,
				3C9BFB5228C0E65800BCB2E2 /* simplecalculatorTests */,
				3C9BFB5C28C0E65800BCB2E2 /* simplecalculatorUITests */,
			);
		};
/* End PBXProject section */

/* Begin PBXResourcesBuildPhase section */
		3C9BFB3B28C0E65700BCB2E2 /* Resources */ = {
			isa = PBXResourcesBuildPhase;
			buildActionMask = 2147483647;
			files = (
				3C9BFB4D28C0E65800BCB2E2 /* LaunchScreen.storyboard in Resources */,
				3C9BFB4A28C0E65800BCB2E2 /* Assets.xcassets in Resources */,
				3C9BFB4828C0E65700BCB2E2 /* Main.storyboard in Resources */,
			);
			runOnlyForDeploymentPostprocessing = 0;
		};
		3C9BFB5128C0E65800BCB2E2 /* Resources */ = {
			isa = PBXResourcesBuildPhase;
			buildActionMask = 2147483647;
			files = (
			);
			runOnlyForDeploymentPostprocessing = 0;
		};
		3C9BFB5B28C0E65800BCB2E2 /* Resources */ = {
			isa = PBXResourcesBuildPhase;
			buildActionMask = 2147483647;
			files = (
			);
			runOnlyForDeploymentPostprocessing = 0;
		};
/* End PBXResourcesBuildPhase section */

/* Begin PBXSourcesBuildPhase section */
		3C9BFB3928C0E65700BCB2E2 /* Sources */ = {
			isa = PBXSourcesBuildPhase;
			buildActionMask = 2147483647;
			files = (
				3C9BFB4528C0E65700BCB2E2 /* ViewController.swift in Sources */,
				3C9BFB4128C0E65700BCB2E2 /* AppDelegate.swift in Sources */,
				3C9BFB4328C0E65700BCB2E2 /* SceneDelegate.swift in Sources */,
			);
			runOnlyForDeploymentPostprocessing = 0;
		};
		3C9BFB4F28C0E65800BCB2E2 /* Sources */ = {
			isa = PBXSourcesBuildPhase;
			buildActionMask = 2147483647;
			files = (
				3C9BFB5828C0E65800BCB2E2 /* simplecalculatorTests.swift in Sources */,
			);
			runOnlyForDeploymentPostprocessing = 0;
		};
		3C9BFB5928C0E65800BCB2E2 /* Sources */ = {
			isa = PBXSourcesBuildPhase;
			buildActionMask = 2147483647;
			files = (
				3C9BFB6428C0E65800BCB2E2 /* simplecalculatorUITestsLaunchTests.swift in Sources */,
				3C9BFB6228C0E65800BCB2E2 /* simplecalculatorUITests.swift in Sources */,
			);
			runOnlyForDeploymentPostprocessing = 0;
		};
/* End PBXSourcesBuildPhase section */

/* Begin PBXTargetDependency section */
		3C9BFB5528C0E65800BCB2E2 /* PBXTargetDependency */ = {
			isa = PBXTargetDependency;
			target = 3C9BFB3C28C0E65700BCB2E2 /* simplecalculator */;
			targetProxy = 3C9BFB5428C0E65800BCB2E2 /* PBXContainerItemProxy */;
		};
		3C9BFB5F28C0E65800BCB2E2 /* PBXTargetDependency */ = {
			isa = PBXTargetDependency;
			target = 3C9BFB3C28C0E65700BCB2E2 /* simplecalculator */;
			targetProxy = 3C9BFB5E28C0E65800BCB2E2 /* PBXContainerItemProxy */;
		};
/* End PBXTargetDependency section */

/* Begin PBXVariantGroup section */
		3C9BFB4628C0E65700BCB2E2 /* Main.storyboard */ = {
			isa = PBXVariantGroup;
			children = (
				3C9BFB4728C0E65700BCB2E2 /* Base */,
			);
			name = Main.storyboard;
			sourceTree = "<group>";
		};
		3C9BFB4B28C0E65800BCB2E2 /* LaunchScreen.storyboard */ = {
			isa = PBXVariantGroup;
			children = (
				3C9BFB4C28C0E65800BCB2E2 /* Base */,
			);
			name = LaunchScreen.storyboard;
			sourceTree = "<group>";
		};
/* End PBXVariantGroup section */

/* Begin XCBuildConfiguration section */
		3C9BFB6528C0E65800BCB2E2 /* Debug */ = {
			isa = XCBuildConfiguration;
			buildSettings = {
				ALWAYS_SEARCH_USER_PATHS = NO;
				CLANG_ANALYZER_NONNULL = YES;
				CLANG_ANALYZER_NUMBER_OBJECT_CONVERSION = YES_AGGRESSIVE;
				CLANG_CXX_LANGUAGE_STANDARD = "gnu++17";
				CLANG_ENABLE_MODULES = YES;
				CLANG_ENABLE_OBJC_ARC = YES;
				CLANG_ENABLE_OBJC_WEAK = YES;
				CLANG_WARN_BLOCK_CAPTURE_AUTORELEASING = YES;
				CLANG_WARN_BOOL_CONVERSION = YES;
				CLANG_WARN_COMMA = YES;
				CLANG_WARN_CONSTANT_CONVERSION = YES;
				CLANG_WARN_DEPRECATED_OBJC_IMPLEMENTATIONS = YES;
				CLANG_WARN_DIRECT_OBJC_ISA_USAGE = YES_ERROR;
				CLANG_WARN_DOCUMENTATION_COMMENTS = YES;
				CLANG_WARN_EMPTY_BODY = YES;
				CLANG_WARN_ENUM_CONVERSION = YES;
				CLANG_WARN_INFINITE_RECURSION = YES;
				CLANG_WARN_INT_CONVERSION = YES;
				CLANG_WARN_NON_LITERAL_NULL_CONVERSION = YES;
				CLANG_WARN_OBJC_IMPLICIT_RETAIN_SELF = YES;
				CLANG_WARN_OBJC_LITERAL_CONVERSION = YES;
				CLANG_WARN_OBJC_ROOT_CLASS = YES_ERROR;
				CLANG_WARN_QUOTED_INCLUDE_IN_FRAMEWORK_HEADER = YES;
				CLANG_WARN_RANGE_LOOP_ANALYSIS = YES;
				CLANG_WARN_STRICT_PROTOTYPES = YES;
				CLANG_WARN_SUSPICIOUS_MOVE = YES;
				CLANG_WARN_UNGUARDED_AVAILABILITY = YES_AGGRESSIVE;
				CLANG_WARN_UNREACHABLE_CODE = YES;
				CLANG_WARN__DUPLICATE_METHOD_MATCH = YES;
				COPY_PHASE_STRIP = NO;
				DEBUG_INFORMATION_FORMAT = dwarf;
				ENABLE_STRICT_OBJC_MSGSEND = YES;
				ENABLE_TESTABILITY = YES;
				GCC_C_LANGUAGE_STANDARD = gnu11;
				GCC_DYNAMIC_NO_PIC = NO;
				GCC_NO_COMMON_BLOCKS = YES;
				GCC_OPTIMIZATION_LEVEL = 0;
				GCC_PREPROCESSOR_DEFINITIONS = (
					"DEBUG=1",
					"$(inherited)",
				);
				GCC_WARN_64_TO_32_BIT_CONVERSION = YES;
				GCC_WARN_ABOUT_RETURN_TYPE = YES_ERROR;
				GCC_WARN_UNDECLARED_SELECTOR = YES;
				GCC_WARN_UNINITIALIZED_AUTOS = YES_AGGRESSIVE;
				GCC_WARN_UNUSED_FUNCTION = YES;
				GCC_WARN_UNUSED_VARIABLE = YES;
				IPHONEOS_DEPLOYMENT_TARGET = 15.5;
				MTL_ENABLE_DEBUG_INFO = INCLUDE_SOURCE;
				MTL_FAST_MATH = YES;
				ONLY_ACTIVE_ARCH = YES;
				SDKROOT = iphoneos;
				SWIFT_ACTIVE_COMPILATION_CONDITIONS = DEBUG;
				SWIFT_OPTIMIZATION_LEVEL = "-Onone";
			};
			name = Debug;
		};
		3C9BFB6628C0E65800BCB2E2 /* Release */ = {
			isa = XCBuildConfiguration;
			buildSettings = {
				ALWAYS_SEARCH_USER_PATHS = NO;
				CLANG_ANALYZER_NONNULL = YES;
				CLANG_ANALYZER_NUMBER_OBJECT_CONVERSION = YES_AGGRESSIVE;
				CLANG_CXX_LANGUAGE_STANDARD = "gnu++17";
				CLANG_ENABLE_MODULES = YES;
				CLANG_ENABLE_OBJC_ARC = YES;
				CLANG_ENABLE_OBJC_WEAK = YES;
				CLANG_WARN_BLOCK_CAPTURE_AUTORELEASING = YES;
				CLANG_WARN_BOOL_CONVERSION = YES;
				CLANG_WARN_COMMA = YES;
				CLANG_WARN_CONSTANT_CONVERSION = YES;
				CLANG_WARN_DEPRECATED_OBJC_IMPLEMENTATIONS = YES;
				CLANG_WARN_DIRECT_OBJC_ISA_USAGE = YES_ERROR;
				CLANG_WARN_DOCUMENTATION_COMMENTS = YES;
				CLANG_WARN_EMPTY_BODY = YES;
				CLANG_WARN_ENUM_CONVERSION = YES;
				CLANG_WARN_INFINITE_RECURSION = YES;
				CLANG_WARN_INT_CONVERSION = YES;
				CLANG_WARN_NON_LITERAL_NULL_CONVERSION = YES;
				CLANG_WARN_OBJC_IMPLICIT_RETAIN_SELF = YES;
				CLANG_WARN_OBJC_LITERAL_CONVERSION = YES;
				CLANG_WARN_OBJC_ROOT_CLASS = YES_ERROR;
				CLANG_WARN_QUOTED_INCLUDE_IN_FRAMEWORK_HEADER = YES;
				CLANG_WARN_RANGE_LOOP_ANALYSIS = YES;
				CLANG_WARN_STRICT_PROTOTYPES = YES;
				CLANG_WARN_SUSPICIOUS_MOVE = YES;
				CLANG_WARN_UNGUARDED_AVAILABILITY = YES_AGGRESSIVE;
				CLANG_WARN_UNREACHABLE_CODE = YES;
				CLANG_WARN__DUPLICATE_METHOD_MATCH = YES;
				COPY_PHASE_STRIP = NO;
				DEBUG_INFORMATION_FORMAT = "dwarf-with-dsym";
				ENABLE_NS_ASSERTIONS = NO;
				ENABLE_STRICT_OBJC_MSGSEND = YES;
				GCC_C_LANGUAGE_STANDARD = gnu11;
				GCC_NO_COMMON_BLOCKS = YES;
				GCC_WARN_64_TO_32_BIT_CONVERSION = YES;
				GCC_WARN_ABOUT_RETURN_TYPE = YES_ERROR;
				GCC_WARN_UNDECLARED_SELECTOR = YES;
				GCC_WARN_UNINITIALIZED_AUTOS = YES_AGGRESSIVE;
				GCC_WARN_UNUSED_FUNCTION = YES;
				GCC_WARN_UNUSED_VARIABLE = YES;
				IPHONEOS_DEPLOYMENT_TARGET = 15.5;
				MTL_ENABLE_DEBUG_INFO = NO;
				MTL_FAST_MATH = YES;
				SDKROOT = iphoneos;
				SWIFT_COMPILATION_MODE = wholemodule;
				SWIFT_OPTIMIZATION_LEVEL = "-O";
				VALIDATE_PRODUCT = YES;
			};
			name = Release;
		};
		3C9BFB6828C0E65800BCB2E2 /* Debug */ = {
			isa = XCBuildConfiguration;
			buildSettings = {
				ASSETCATALOG_COMPILER_APPICON_NAME = AppIcon;
				ASSETCATALOG_COMPILER_GLOBAL_ACCENT_COLOR_NAME = AccentColor;
				CODE_SIGN_STYLE = Automatic;
				CURRENT_PROJECT_VERSION = 1;
				GENERATE_INFOPLIST_FILE = YES;
				INFOPLIST_FILE = simplecalculator/Info.plist;
				INFOPLIST_KEY_UIApplicationSupportsIndirectInputEvents = YES;
				INFOPLIST_KEY_UILaunchStoryboardName = LaunchScreen;
				INFOPLIST_KEY_UIMainStoryboardFile = Main;
				INFOPLIST_KEY_UISupportedInterfaceOrientations_iPad = "UIInterfaceOrientationPortrait UIInterfaceOrientationPortraitUpsideDown UIInterfaceOrientationLandscapeLeft UIInterfaceOrientationLandscapeRight";
				INFOPLIST_KEY_UISupportedInterfaceOrientations_iPhone = "UIInterfaceOrientationPortrait UIInterfaceOrientationLandscapeLeft UIInterfaceOrientationLandscapeRight";
				LD_RUNPATH_SEARCH_PATHS = (
					"$(inherited)",
					"@executable_path/Frameworks",
				);
				MARKETING_VERSION = 1.0;
				PRODUCT_BUNDLE_IDENTIFIER = nwmissouri.edu.simplecalculator;
				PRODUCT_NAME = "$(TARGET_NAME)";
				SWIFT_EMIT_LOC_STRINGS = YES;
				SWIFT_VERSION = 5.0;
				TARGETED_DEVICE_FAMILY = "1,2";
			};
			name = Debug;
		};
		3C9BFB6928C0E65800BCB2E2 /* Release */ = {
			isa = XCBuildConfiguration;
			buildSettings = {
				ASSETCATALOG_COMPILER_APPICON_NAME = AppIcon;
				ASSETCATALOG_COMPILER_GLOBAL_ACCENT_COLOR_NAME = AccentColor;
				CODE_SIGN_STYLE = Automatic;
				CURRENT_PROJECT_VERSION = 1;
				GENERATE_INFOPLIST_FILE = YES;
				INFOPLIST_FILE = simplecalculator/Info.plist;
				INFOPLIST_KEY_UIApplicationSupportsIndirectInputEvents = YES;
				INFOPLIST_KEY_UILaunchStoryboardName = LaunchScreen;
				INFOPLIST_KEY_UIMainStoryboardFile = Main;
				INFOPLIST_KEY_UISupportedInterfaceOrientations_iPad = "UIInterfaceOrientationPortrait UIInterfaceOrientationPortraitUpsideDown UIInterfaceOrientationLandscapeLeft UIInterfaceOrientationLandscapeRight";
				INFOPLIST_KEY_UISupportedInterfaceOrientations_iPhone = "UIInterfaceOrientationPortrait UIInterfaceOrientationLandscapeLeft UIInterfaceOrientationLandscapeRight";
				LD_RUNPATH_SEARCH_PATHS = (
					"$(inherited)",
					"@executable_path/Frameworks",
				);
				MARKETING_VERSION = 1.0;
				PRODUCT_BUNDLE_IDENTIFIER = nwmissouri.edu.simplecalculator;
				PRODUCT_NAME = "$(TARGET_NAME)";
				SWIFT_EMIT_LOC_STRINGS = YES;
				SWIFT_VERSION = 5.0;
				TARGETED_DEVICE_FAMILY = "1,2";
			};
			name = Release;
		};
		3C9BFB6B28C0E65800BCB2E2 /* Debug */ = {
			isa = XCBuildConfiguration;
			buildSettings = {
				ALWAYS_EMBED_SWIFT_STANDARD_LIBRARIES = YES;
				BUNDLE_LOADER = "$(TEST_HOST)";
				CODE_SIGN_STYLE = Automatic;
				CURRENT_PROJECT_VERSION = 1;
				GENERATE_INFOPLIST_FILE = YES;
				IPHONEOS_DEPLOYMENT_TARGET = 15.5;
				MARKETING_VERSION = 1.0;
				PRODUCT_BUNDLE_IDENTIFIER = nwmissouri.edu.simplecalculatorTests;
				PRODUCT_NAME = "$(TARGET_NAME)";
				SWIFT_EMIT_LOC_STRINGS = NO;
				SWIFT_VERSION = 5.0;
				TARGETED_DEVICE_FAMILY = "1,2";
				TEST_HOST = "$(BUILT_PRODUCTS_DIR)/simplecalculator.app/simplecalculator";
			};
			name = Debug;
		};
		3C9BFB6C28C0E65800BCB2E2 /* Release */ = {
			isa = XCBuildConfiguration;
			buildSettings = {
				ALWAYS_EMBED_SWIFT_STANDARD_LIBRARIES = YES;
				BUNDLE_LOADER = "$(TEST_HOST)";
				CODE_SIGN_STYLE = Automatic;
				CURRENT_PROJECT_VERSION = 1;
				GENERATE_INFOPLIST_FILE = YES;
				IPHONEOS_DEPLOYMENT_TARGET = 15.5;
				MARKETING_VERSION = 1.0;
				PRODUCT_BUNDLE_IDENTIFIER = nwmissouri.edu.simplecalculatorTests;
				PRODUCT_NAME = "$(TARGET_NAME)";
				SWIFT_EMIT_LOC_STRINGS = NO;
				SWIFT_VERSION = 5.0;
				TARGETED_DEVICE_FAMILY = "1,2";
				TEST_HOST = "$(BUILT_PRODUCTS_DIR)/simplecalculator.app/simplecalculator";
			};
			name = Release;
		};
		3C9BFB6E28C0E65800BCB2E2 /* Debug */ = {
			isa = XCBuildConfiguration;
			buildSettings = {
				ALWAYS_EMBED_SWIFT_STANDARD_LIBRARIES = YES;
				CODE_SIGN_STYLE = Automatic;
				CURRENT_PROJECT_VERSION = 1;
				GENERATE_INFOPLIST_FILE = YES;
				MARKETING_VERSION = 1.0;
				PRODUCT_BUNDLE_IDENTIFIER = nwmissouri.edu.simplecalculatorUITests;
				PRODUCT_NAME = "$(TARGET_NAME)";
				SWIFT_EMIT_LOC_STRINGS = NO;
				SWIFT_VERSION = 5.0;
				TARGETED_DEVICE_FAMILY = "1,2";
				TEST_TARGET_NAME = simplecalculator;
			};
			name = Debug;
		};
		3C9BFB6F28C0E65800BCB2E2 /* Release */ = {
			isa = XCBuildConfiguration;
			buildSettings = {
				ALWAYS_EMBED_SWIFT_STANDARD_LIBRARIES = YES;
				CODE_SIGN_STYLE = Automatic;
				CURRENT_PROJECT_VERSION = 1;
				GENERATE_INFOPLIST_FILE = YES;
				MARKETING_VERSION = 1.0;
				PRODUCT_BUNDLE_IDENTIFIER = nwmissouri.edu.simplecalculatorUITests;
				PRODUCT_NAME = "$(TARGET_NAME)";
				SWIFT_EMIT_LOC_STRINGS = NO;
				SWIFT_VERSION = 5.0;
				TARGETED_DEVICE_FAMILY = "1,2";
				TEST_TARGET_NAME = simplecalculator;
			};
			name = Release;
		};
/* End XCBuildConfiguration section */

/* Begin XCConfigurationList section */
		3C9BFB3828C0E65700BCB2E2 /* Build configuration list for PBXProject "simplecalculator" */ = {
			isa = XCConfigurationList;
			buildConfigurations = (
				3C9BFB6528C0E65800BCB2E2 /* Debug */,
				3C9BFB6628C0E65800BCB2E2 /* Release */,
			);
			defaultConfigurationIsVisible = 0;
			defaultConfigurationName = Release;
		};
		3C9BFB6728C0E65800BCB2E2 /* Build configuration list for PBXNativeTarget "simplecalculator" */ = {
			isa = XCConfigurationList;
			buildConfigurations = (
				3C9BFB6828C0E65800BCB2E2 /* Debug */,
				3C9BFB6928C0E65800BCB2E2 /* Release */,
			);
			defaultConfigurationIsVisible = 0;
			defaultConfigurationName = Release;
		};
		3C9BFB6A28C0E65800BCB2E2 /* Build configuration list for PBXNativeTarget "simplecalculatorTests" */ = {
			isa = XCConfigurationList;
			buildConfigurations = (
				3C9BFB6B28C0E65800BCB2E2 /* Debug */,
				3C9BFB6C28C0E65800BCB2E2 /* Release */,
			);
			defaultConfigurationIsVisible = 0;
			defaultConfigurationName = Release;
		};
		3C9BFB6D28C0E65800BCB2E2 /* Build configuration list for PBXNativeTarget "simplecalculatorUITests" */ = {
			isa = XCConfigurationList;
			buildConfigurations = (
				3C9BFB6E28C0E65800BCB2E2 /* Debug */,
				3C9BFB6F28C0E65800BCB2E2 /* Release */,
			);
			defaultConfigurationIsVisible = 0;
			defaultConfigurationName = Release;
		};
/* End XCConfigurationList section */
	};
	rootObject = 3C9BFB3528C0E65700BCB2E2 /* Project object */;
}
